
Microsoft Visual Studio Solution File, Format Version 12.00
# Visual Studio Version 17
VisualStudioVersion = 17.4.33403.182
MinimumVisualStudioVersion = 10.0.40219.1
Project("{9A19103F-16F7-4668-BE54-9A1E7A4F7556}") = "GhostConsole", "GhostConsole\GhostConsole.csproj", "{92A4864A-353D-4375-8B56-B0BDD14694A5}"
EndProject
Project("{FAE04EC0-301F-11D3-BF4B-00C04F79EFBC}") = "GhostConsole.Tests", "GhostConsole.Tests\GhostConsole.Tests.csproj", "{68A188B3-AE10-49EE-A6C5-5BBC4E3F6226}"
EndProject
Global
	GlobalSection(SolutionConfigurationPlatforms) = preSolution
		Debug|Any CPU = Debug|Any CPU
		Release|Any CPU = Release|Any CPU
	EndGlobalSection
	GlobalSection(ProjectConfigurationPlatforms) = postSolution
		{92A4864A-353D-4375-8B56-B0BDD14694A5}.Debug|Any CPU.ActiveCfg = Debug|Any CPU
		{92A4864A-353D-4375-8B56-B0BDD14694A5}.Debug|Any CPU.Build.0 = Debug|Any CPU
		{92A4864A-353D-4375-8B56-B0BDD14694A5}.Release|Any CPU.ActiveCfg = Release|Any CPU
		{92A4864A-353D-4375-8B56-B0BDD14694A5}.Release|Any CPU.Build.0 = Release|Any CPU
		{68A188B3-AE10-49EE-A6C5-5BBC4E3F6226}.Debug|Any CPU.ActiveCfg = Debug|Any CPU
		{68A188B3-AE10-49EE-A6C5-5BBC4E3F6226}.Debug|Any CPU.Build.0 = Debug|Any CPU
		{68A188B3-AE10-49EE-A6C5-5BBC4E3F6226}.Release|Any CPU.ActiveCfg = Release|Any CPU
		{68A188B3-AE10-49EE-A6C5-5BBC4E3F6226}.Release|Any CPU.Build.0 = Release|Any CPU
	EndGlobalSection
	GlobalSection(SolutionProperties) = preSolution
		HideSolutionNode = FALSE
	EndGlobalSection
	GlobalSection(ExtensibilityGlobals) = postSolution
		SolutionGuid = {A86EA8B2-85F3-42CA-891B-9DFF002DB389}
	EndGlobalSection
EndGlobal
